{
  "nodes": {
    "agent-browser-skill": {
      "flake": false,
      "locked": {
        "lastModified": 1785885769,
        "narHash": "sha256-GtN5IvyBSvOJ76lB5LSYNGr1m9MhpBDNASG/8iH3tVM=",
        "owner": "vercel-labs",
        "repo": "agent-browser",
        "rev": "acbc22bdc5d4f6c5a88d97d4a4745d3c5eb0591f",
        "type": "github"
      },
      "original": {
        "owner": "vercel-labs",
        "repo": "agent-browser",
        "type": "github"
      }
    },
    "agent-skills": {
      "inputs": {
        "blueprint": "blueprint",
        "home-manager": "home-manager",
        "nixpkgs": [
          "nixpkgs"
        ]
      },
      "locked": {
        "lastModified": 1785909051,
        "narHash": "sha256-wR7wgld8IVJ2C2CWJtgd56ZFyUK8SEWN/NyCRygwDAg=",
        "owner": "Kyure-A",
        "repo": "agent-skills-nix",
        "rev": "d86bab6d839202d838ed1451a64a94d3f0718f5b",
        "type": "github"
      },
      "original": {
        "owner": "Kyure-A",
        "repo": "agent-skills-nix",
        "type": "github"
      }
    },
    "ast-grep-skill": {
      "flake": false,
      "locked": {
        "lastModified": 1783087819,
        "narHash": "sha256-awochSE2OupbsmaGx0xc7wHf0ovVMSdtHv4gZAGWOus=",
        "owner": "ast-grep",
        "repo": "claude-skill",
        "rev": "c2a9bc154f4ffe08b25d28d5e852dfac8c0d0d8a",
        "type": "github"
      },
      "original": {
        "owner": "ast-grep",
        "repo": "claude-skill",
        "type": "github"
      }
    },
    "blueprint": {
      "inputs": {
        "nixpkgs": [
          "agent-skills",
          "nixpkgs"
        ],
        "systems": "systems"
      },
      "locked": {
        "lastModified": 1776249299,
        "narHash": "sha256-Dt9t1TGRmJFc0xVYhttNBD6QsAgHOHCArqGa0AyjrJY=",
        "owner": "numtide",
        "repo": "blueprint",
        "rev": "56131e8628f173d24a27f6d27c0215eff57e40dd",
        "type": "github"
      },
      "original": {
        "owner": "numtide",
        "repo": "blueprint",
        "type": "github"
      }
    },
    "bun2nix": {
      "inputs": {
        "flake-parts": [
          "llm-agents",
          "flake-parts"
        ],
        "nixpkgs": [
          "llm-agents",
          "nixpkgs"
        ],
        "systems": [
          "llm-agents",
          "systems"
        ],
        "treefmt-nix": [
          "llm-agents",
          "treefmt-nix"
        ]
      },
      "locked": {
        "lastModified": 1784665499,
        "narHash": "sha256-9BMxlTxCCDAeoNLtb1a/st7udtTIJep+wpUzquA29VU=",
        "owner": "nix-community",
        "repo": "bun2nix",
        "rev": "0f2a1f0b6f42cebe3b149bf62d38754c5e0e9729",
        "type": "github"
      },
      "original": {
        "owner": "nix-community",
        "repo": "bun2nix",
        "type": "github"
      }
    },
    "cmux-skill": {
      "flake": false,
      "locked": {
        "lastModified": 1786259406,
        "narHash": "sha256-ALFt6IB8UZ8i4gmworwVdAv1ptOeL0oSUqoq74JPUe0=",
        "owner": "manaflow-ai",
        "repo": "cmux",
        "rev": "e0cf8fc4a0e1adbda89a9d3b0bd74a24a88cfbc5",
        "type": "github"
      },
      "original": {
        "owner": "manaflow-ai",
        "repo": "cmux",
        "type": "github"
      }
    },
    "fish-na": {
      "flake": false,
      "locked": {
        "lastModified": 1765647715,
        "narHash": "sha256-wh7HupHGYqo0dPc3bJMPPXuCxJN51dXPOeYkS6nm/Do=",
        "owner": "ryoppippi",
        "repo": "fish-na",
        "rev": "0a58aa568dc0a6e4d2e58a640259f2da07b5691a",
        "type": "github"
      },
      "original": {
        "owner": "ryoppippi",
        "repo": "fish-na",
        "type": "github"
      }
    },
    "flake-compat": {
      "flake": false,
      "locked": {
        "lastModified": 1767039857,
        "narHash": "sha256-vNpUSpF5Nuw8xvDLj2KCwwksIbjua2LZCqhV1LNRDns=",
        "owner": "NixOS",
        "repo": "flake-compat",
        "rev": "5edf11c44bc78a0d334f6334cdaf7d60d732daab",
        "type": "github"
      },
      "original": {
        "owner": "NixOS",
        "repo": "flake-compat",
        "type": "github"
      }
    },
    "flake-parts": {
      "inputs": {
        "nixpkgs-lib": "nixpkgs-lib"
      },
      "locked": {
        "lastModified": 1785627969,
        "narHash": "sha256-4dtXQk/NMePegK/nWp5NSeuZKLATItOq61lpEvmXqGw=",
        "owner": "hercules-ci",
        "repo": "flake-parts",
        "rev": "427bf4bd9435fdf21321c8cc628c24efc14c0f7a",
        "type": "github"
      },
      "original": {
        "owner": "hercules-ci",
        "repo": "flake-parts",
        "type": "github"
      }
    },
    "flake-parts_2": {
      "inputs": {
        "nixpkgs-lib": [
          "llm-agents",
          "nixpkgs"
        ]
      },
      "locked": {
        "lastModified": 1785627969,
        "narHash": "sha256-4dtXQk/NMePegK/nWp5NSeuZKLATItOq61lpEvmXqGw=",
        "owner": "hercules-ci",
        "repo": "flake-parts",
        "rev": "427bf4bd9435fdf21321c8cc628c24efc14c0f7a",
        "type": "github"
      },
      "original": {
        "owner": "hercules-ci",
        "repo": "flake-parts",
        "type": "github"
      }
    },
    "git-hooks": {
      "inputs": {
        "flake-compat": "flake-compat",
        "nixpkgs": [
          "nixpkgs"
        ]
      },
      "locked": {
        "lastModified": 1784288435,
        "narHash": "sha256-ReRHaLgr/uVqdD8afFSn+myXIfpHeOhP0yYe0TJqAA8=",
        "owner": "cachix",
        "repo": "git-hooks.nix",
        "rev": "43b3c1ab9d40fb1dbb008f451988a91e375825e9",
        "type": "github"
      },
      "original": {
        "owner": "cachix",
        "repo": "git-hooks.nix",
        "type": "github"
      }
    },
    "home-manager": {
      "inputs": {
        "nixpkgs": [
          "agent-skills",
          "nixpkgs"
        ]
      },
      "locked": {
        "lastModified": 1785531816,
        "narHash": "sha256-vkMnV0JIyw+g/NmcfoajlGaAO+9a0ezia+FZohQJrik=",
        "owner": "nix-community",
        "repo": "home-manager",
        "rev": "bf9ce9fec78f95f374e8dd3b503863a3ec128ebe",
        "type": "github"
      },
      "original": {
        "owner": "nix-community",
        "repo": "home-manager",
        "type": "github"
      }
    },
    "home-manager_2": {
      "inputs": {
        "nixpkgs": [
          "nixpkgs"
        ]
      },
      "locked": {
        "lastModified": 1786031233,
        "narHash": "sha256-TIDlLTLI1/pB7IqgjzcKQjpODQsZE2oII4XGG9B6KjI=",
        "owner": "nix-community",
        "repo": "home-manager",
        "rev": "7834e82588860aaf780cec1366524456a70898d7",
        "type": "github"
      },
      "original": {
        "owner": "nix-community",
        "repo": "home-manager",
        "type": "github"
      }
    },
    "llm-agents": {
      "inputs": {
        "bun2nix": "bun2nix",
        "flake-parts": "flake-parts_2",
        "nixpkgs": "nixpkgs",
        "systems": "systems_2",
        "treefmt-nix": "treefmt-nix"
      },
      "locked": {
        "lastModified": 1786560267,
        "narHash": "sha256-TgA+UwygeHVWC90VJEs8BP5gf6giqKvHxDPPO5jeOx8=",
        "owner": "numtide",
        "repo": "llm-agents.nix",
        "rev": "beffa2ee2ee561a13667b013f22be03c7af089e5",
        "type": "github"
      },
      "original": {
        "owner": "numtide",
        "repo": "llm-agents.nix",
        "type": "github"
      }
    },
    "nix-bun": {
      "inputs": {
        "nixpkgs": [
          "nixpkgs"
        ]
      },
      "locked": {
        "lastModified": 1786177035,
        "narHash": "sha256-/Abfk1hx4aShdW6R1c7P76JxDuGVotGrdaRbeFj2orM=",
        "owner": "ryoppippi",
        "repo": "nix-bun",
        "rev": "1d2b804779b08e54076d88b643bbbbf839a4933d",
        "type": "github"
      },
      "original": {
        "owner": "ryoppippi",
        "repo": "nix-bun",
        "type": "github"
      }
    },
    "nix-claude-code": {
      "inputs": {
        "nixpkgs": [
          "nixpkgs"
        ]
      },
      "locked": {
        "lastModified": 1786569285,
        "narHash": "sha256-24Gp2wv+gk+ydeO6RyLAVHZfwdkqrAdsd9enVG2vONY=",
        "owner": "ryoppippi",
        "repo": "nix-claude-code",
        "rev": "71890d9342b415dd3967344088e0db141d32ccbe",
        "type": "github"
      },
      "original": {
        "owner": "ryoppippi",
        "repo": "nix-claude-code",
        "type": "github"
      }
    },
    "nix-darwin": {
      "inputs": {
        "nixpkgs": [
          "nixpkgs"
        ]
      },
      "locked": {
        "lastModified": 1781761792,
        "narHash": "sha256-rCPytmKNjctLloB6UgK5CRrHSwV4b0ygxtJLPPp8R14=",
        "owner": "LnL7",
        "repo": "nix-darwin",
        "rev": "a1fa429e945becaf60468600daf649be4ba0350c",
        "type": "github"
      },
      "original": {
        "owner": "LnL7",
        "repo": "nix-darwin",
        "type": "github"
      }
    },
    "nix-index-database": {
      "inputs": {
        "nixpkgs": [
          "nixpkgs"
        ]
      },
      "locked": {
        "lastModified": 1786249295,
        "narHash": "sha256-Y2mSr+HLKYoOsjiackgilxkHXe8gkJ3z4hFFekjQX3I=",
        "owner": "nix-community",
        "repo": "nix-index-database",
        "rev": "14d55b8069119e3b88da7aa2f6c97f86a2cd3cd6",
        "type": "github"
      },
      "original": {
        "owner": "nix-community",
        "repo": "nix-index-database",
        "type": "github"
      }
    },
    "nixpkgs": {
      "locked": {
        "lastModified": 1786410043,
        "narHash": "sha256-JTbODJPDcd3d8U7lO4MVUU3Yo0jz2KQSAHXka+IWBEo=",
        "owner": "NixOS",
        "repo": "nixpkgs",
        "rev": "8e2eeb9477c9d40009a5bd51cd3eef2f5abb26f1",
        "type": "github"
      },
      "original": {
        "owner": "NixOS",
        "ref": "nixpkgs-unstable",
        "repo": "nixpkgs",
        "type": "github"
      }
    },
    "nixpkgs-lib": {
      "locked": {
        "lastModified": 1785031560,
        "narHash": "sha256-OmshNvn2vupOFpYinLUu+1Dnpu4n7Q5N3ggGVNHpkUI=",
        "owner": "nix-community",
        "repo": "nixpkgs.lib",
        "rev": "0e79af5e3d4dcfcd676ab5ba3f95d2e3352e078c",
        "type": "github"
      },
      "original": {
        "owner": "nix-community",
        "repo": "nixpkgs.lib",
        "type": "github"
      }
    },
    "nixpkgs_2": {
      "locked": {
        "lastModified": 1782459718,
        "narHash": "sha256-AX3j7J06nvvipuv2KKLbBH+vFcaEI4IlyIMRtMbGs7o=",
        "owner": "NixOS",
        "repo": "nixpkgs",
        "rev": "8c9f91c4729719e864f363ecc0403d212a097d1b",
        "type": "github"
      },
      "original": {
        "owner": "nixos",
        "ref": "nixpkgs-unstable",
        "repo": "nixpkgs",
        "type": "github"
      }
    },
    "root": {
      "inputs": {
        "agent-browser-skill": "agent-browser-skill",
        "agent-skills": "agent-skills",
        "ast-grep-skill": "ast-grep-skill",
        "cmux-skill": "cmux-skill",
        "fish-na": "fish-na",
        "flake-parts": "flake-parts",
        "git-hooks": "git-hooks",
        "home-manager": "home-manager_2",
        "llm-agents": "llm-agents",
        "nix-bun": "nix-bun",
        "nix-claude-code": "nix-claude-code",
        "nix-darwin": "nix-darwin",
        "nix-index-database": "nix-index-database",
        "nixpkgs": "nixpkgs_2",
        "tgrab-skill": "tgrab-skill",
        "treefmt-nix": "treefmt-nix_2"
      }
    },
    "systems": {
      "locked": {
        "lastModified": 1681028828,
        "narHash": "sha256-Vy1rq5AaRuLzOxct8nz4T6wlgyUR7zLU309k9mBC768=",
        "owner": "nix-systems",
        "repo": "default",
        "rev": "da67096a3b9bf56a91d16901293e51ba5b49a27e",
        "type": "github"
      },
      "original": {
        "owner": "nix-systems",
        "repo": "default",
        "type": "github"
      }
    },
    "systems_2": {
      "locked": {
        "lastModified": 1681028828,
        "narHash": "sha256-Vy1rq5AaRuLzOxct8nz4T6wlgyUR7zLU309k9mBC768=",
        "owner": "nix-systems",
        "repo": "default",
        "rev": "da67096a3b9bf56a91d16901293e51ba5b49a27e",
        "type": "github"
      },
      "original": {
        "owner": "nix-systems",
        "repo": "default",
        "type": "github"
      }
    },
    "tgrab-skill": {
      "flake": false,
      "locked": {
        "lastModified": 1776043059,
        "narHash": "sha256-b5aTJEBk0s4+kRtKRFAkVfSaYF4KItmDtFTcons4b9Y=",
        "owner": "ryoppippi",
        "repo": "tgrab",
        "rev": "bf5e8d3b3dc71cea03852af2bfcfc5d529ae91b5",
        "type": "github"
      },
      "original": {
        "owner": "ryoppippi",
        "repo": "tgrab",
        "type": "github"
      }
    },
    "treefmt-nix": {
      "inputs": {
        "nixpkgs": [
          "llm-agents",
          "nixpkgs"
        ]
      },
      "locked": {
        "lastModified": 1785945821,
        "narHash": "sha256-NLSyTCW4K4ofhNBllt3omPasm6QpralXH1DBZOc91Dw=",
        "owner": "numtide",
        "repo": "treefmt-nix",
        "rev": "ae7910970dddc408fe6ab1c8e4b277bb21d72dc0",
        "type": "github"
      },
      "original": {
        "owner": "numtide",
        "repo": "treefmt-nix",
        "type": "github"
      }
    },
    "treefmt-nix_2": {
      "inputs": {
        "nixpkgs": [
          "nixpkgs"
        ]
      },
      "locked": {
        "lastModified": 1784369104,
        "narHash": "sha256-47cxbcZODibHv3rELFQ9vZly0vUNkND/atn/U7HLeb0=",
        "owner": "numtide",
        "repo": "treefmt-nix",
        "rev": "df3c0640565d04a0261253cdd89fce78ec50168a",
        "type": "github"
      },
      "original": {
        "owner": "numtide",
        "repo": "treefmt-nix",
        "type": "github"
      }
    }
  },
  "root": "root",
  "version": 7
}
